<?xml version="1.0" encoding="UTF-8" standalone="yes" ?>
<CodeBlocks_project_file>
	<FileVersion major="1" minor="6" />
	<Project>
		<Option title="Iconizer" />
		<Option pch_mode="0" />
		<Option compiler="gcc" />
		<Build>
			<Target title="default">
				<Option output="C:/Documents and Settings/pavel/My Documents/Programs/C++/Iconizer/Iconizer.exe" prefix_auto="0" extension_auto="0" />
				<Option type="0" />
				<Option compiler="gcc" />
				<Option projectResourceIncludeDirsRelation="0" />
			</Target>
		</Build>
		<VirtualTargets>
			<Add alias="All" targets="default;" />
		</VirtualTargets>
		<Unit filename="PNGUtils/PNGUtils.cpp" />
		<Unit filename="PNGUtils/PNGUtils.def" />
		<Unit filename="PNGUtils/PNGUtils.hpp" />
		<Unit filename="common/COMUtils.cpp" />
		<Unit filename="common/COMUtils.hpp" />
		<Unit filename="common/Quantize.cpp" />
		<Unit filename="common/Quantize.h" />
		<Unit filename="common/XMLUtils.cpp" />
		<Unit filename="common/XMLUtils.hpp" />
		<Unit filename="common/msxml_DLL.cpp" />
		<Unit filename="common/msxml_DLL.hpp" />
		<Unit filename="common/msxml_def.cpp" />
		<Unit filename="common/msxml_def.hpp" />
		<Unit filename="makefile.mingw" />
		<Unit filename="src/AddImageDlg.cpp" />
		<Unit filename="src/AddImageDlg.hpp" />
		<Unit filename="src/Editor.cpp" />
		<Unit filename="src/Editor.hpp" />
		<Unit filename="src/HotSpotDlg.cpp" />
		<Unit filename="src/HotSpotDlg.hpp" />
		<Unit filename="src/Iconizer.cpp" />
		<Unit filename="src/Iconizer.exe.manifest.32" />
		<Unit filename="src/Iconizer.exe.manifest.64" />
		<Unit filename="src/Iconizer.rh" />
		<Unit filename="src/Iconizer_en.rc">
			<Option compilerVar="WINDRES" />
		</Unit>
		<Unit filename="src/Icons.h" />
		<Unit filename="src/MainForm.cpp" />
		<Unit filename="src/MainForm.hpp" />
		<Unit filename="src/Render.cpp" />
		<Unit filename="src/Render.hpp" />
		<Extensions>
			<code_completion />
			<envvars />
			<debugger />
		</Extensions>
	</Project>
</CodeBlocks_project_file>
